
Microsoft Visual Studio Solution File, Format Version 12.00
# Visual Studio 15
VisualStudioVersion = 15.0.26228.4
MinimumVisualStudioVersion = 10.0.40219.1
Project("{9A19103F-16F7-4668-BE54-9A1E7A4F7556}") = "StaticFactory", "StaticFactory\StaticFactory.csproj", "{36EC0B07-6378-4394-8AF8-EC75047AA23C}"
EndProject
Project("{9A19103F-16F7-4668-BE54-9A1E7A4F7556}") = "Strategy", "Strategy\Strategy.csproj", "{A1DD65BF-206A-43A6-8DC2-AB9C0493CA2B}"
EndProject
Project("{9A19103F-16F7-4668-BE54-9A1E7A4F7556}") = "Decorator", "Decorator\Decorator.csproj", "{F9F0CF4E-B98A-47FE-BA8A-A0681F6F3BD4}"
EndProject
Project("{9A19103F-16F7-4668-BE54-9A1E7A4F7556}") = "Proxy", "Proxy\Proxy.csproj", "{1C794716-9DC6-4D0F-B0E7-D206C177991B}"
EndProject
Project("{9A19103F-16F7-4668-BE54-9A1E7A4F7556}") = "FactoryMethod", "FactoryMethod\FactoryMethod.csproj", "{D7922EBF-99E4-4871-9C22-3AFF36895451}"
EndProject
Project("{9A19103F-16F7-4668-BE54-9A1E7A4F7556}") = "ProtoType", "ProtoType\ProtoType.csproj", "{127FD060-1F0B-4423-BB3D-9E55928B555A}"
EndProject
Project("{9A19103F-16F7-4668-BE54-9A1E7A4F7556}") = "TempleteMethod", "TempleteMethod\TempleteMethod.csproj", "{12CD1BAC-A187-4673-94A2-36C72B5A9F95}"
EndProject
Project("{9A19103F-16F7-4668-BE54-9A1E7A4F7556}") = "Facade", "Facade\Facade.csproj", "{ACC28E6A-7EE3-48F3-AB09-B4086002DBA3}"
EndProject
Project("{9A19103F-16F7-4668-BE54-9A1E7A4F7556}") = "Builder", "Builder\Builder.csproj", "{C696E3B6-4853-485D-A1C9-10098D67ECFF}"
EndProject
Project("{FAE04EC0-301F-11D3-BF4B-00C04F79EFBC}") = "Observer", "Observer\Observer.csproj", "{E5BB92E2-3F6E-4CB6-9335-79E442086308}"
EndProject
Project("{FAE04EC0-301F-11D3-BF4B-00C04F79EFBC}") = "AbstractFactory", "AbstractFactory\AbstractFactory.csproj", "{20160A93-882A-48EA-BDB3-0275CD811C20}"
EndProject
Global
	GlobalSection(SolutionConfigurationPlatforms) = preSolution
		Debug|Any CPU = Debug|Any CPU
		Release|Any CPU = Release|Any CPU
	EndGlobalSection
	GlobalSection(ProjectConfigurationPlatforms) = postSolution
		{36EC0B07-6378-4394-8AF8-EC75047AA23C}.Debug|Any CPU.ActiveCfg = Debug|Any CPU
		{36EC0B07-6378-4394-8AF8-EC75047AA23C}.Debug|Any CPU.Build.0 = Debug|Any CPU
		{36EC0B07-6378-4394-8AF8-EC75047AA23C}.Release|Any CPU.ActiveCfg = Release|Any CPU
		{36EC0B07-6378-4394-8AF8-EC75047AA23C}.Release|Any CPU.Build.0 = Release|Any CPU
		{A1DD65BF-206A-43A6-8DC2-AB9C0493CA2B}.Debug|Any CPU.ActiveCfg = Debug|Any CPU
		{A1DD65BF-206A-43A6-8DC2-AB9C0493CA2B}.Debug|Any CPU.Build.0 = Debug|Any CPU
		{A1DD65BF-206A-43A6-8DC2-AB9C0493CA2B}.Release|Any CPU.ActiveCfg = Release|Any CPU
		{A1DD65BF-206A-43A6-8DC2-AB9C0493CA2B}.Release|Any CPU.Build.0 = Release|Any CPU
		{F9F0CF4E-B98A-47FE-BA8A-A0681F6F3BD4}.Debug|Any CPU.ActiveCfg = Debug|Any CPU
		{F9F0CF4E-B98A-47FE-BA8A-A0681F6F3BD4}.Debug|Any CPU.Build.0 = Debug|Any CPU
		{F9F0CF4E-B98A-47FE-BA8A-A0681F6F3BD4}.Release|Any CPU.ActiveCfg = Release|Any CPU
		{F9F0CF4E-B98A-47FE-BA8A-A0681F6F3BD4}.Release|Any CPU.Build.0 = Release|Any CPU
		{1C794716-9DC6-4D0F-B0E7-D206C177991B}.Debug|Any CPU.ActiveCfg = Debug|Any CPU
		{1C794716-9DC6-4D0F-B0E7-D206C177991B}.Debug|Any CPU.Build.0 = Debug|Any CPU
		{1C794716-9DC6-4D0F-B0E7-D206C177991B}.Release|Any CPU.ActiveCfg = Release|Any CPU
		{1C794716-9DC6-4D0F-B0E7-D206C177991B}.Release|Any CPU.Build.0 = Release|Any CPU
		{D7922EBF-99E4-4871-9C22-3AFF36895451}.Debug|Any CPU.ActiveCfg = Debug|Any CPU
		{D7922EBF-99E4-4871-9C22-3AFF36895451}.Debug|Any CPU.Build.0 = Debug|Any CPU
		{D7922EBF-99E4-4871-9C22-3AFF36895451}.Release|Any CPU.ActiveCfg = Release|Any CPU
		{D7922EBF-99E4-4871-9C22-3AFF36895451}.Release|Any CPU.Build.0 = Release|Any CPU
		{127FD060-1F0B-4423-BB3D-9E55928B555A}.Debug|Any CPU.ActiveCfg = Debug|Any CPU
		{127FD060-1F0B-4423-BB3D-9E55928B555A}.Debug|Any CPU.Build.0 = Debug|Any CPU
		{127FD060-1F0B-4423-BB3D-9E55928B555A}.Release|Any CPU.ActiveCfg = Release|Any CPU
		{127FD060-1F0B-4423-BB3D-9E55928B555A}.Release|Any CPU.Build.0 = Release|Any CPU
		{12CD1BAC-A187-4673-94A2-36C72B5A9F95}.Debug|Any CPU.ActiveCfg = Debug|Any CPU
		{12CD1BAC-A187-4673-94A2-36C72B5A9F95}.Debug|Any CPU.Build.0 = Debug|Any CPU
		{12CD1BAC-A187-4673-94A2-36C72B5A9F95}.Release|Any CPU.ActiveCfg = Release|Any CPU
		{12CD1BAC-A187-4673-94A2-36C72B5A9F95}.Release|Any CPU.Build.0 = Release|Any CPU
		{ACC28E6A-7EE3-48F3-AB09-B4086002DBA3}.Debug|Any CPU.ActiveCfg = Debug|Any CPU
		{ACC28E6A-7EE3-48F3-AB09-B4086002DBA3}.Debug|Any CPU.Build.0 = Debug|Any CPU
		{ACC28E6A-7EE3-48F3-AB09-B4086002DBA3}.Release|Any CPU.ActiveCfg = Release|Any CPU
		{ACC28E6A-7EE3-48F3-AB09-B4086002DBA3}.Release|Any CPU.Build.0 = Release|Any CPU
		{C696E3B6-4853-485D-A1C9-10098D67ECFF}.Debug|Any CPU.ActiveCfg = Debug|Any CPU
		{C696E3B6-4853-485D-A1C9-10098D67ECFF}.Debug|Any CPU.Build.0 = Debug|Any CPU
		{C696E3B6-4853-485D-A1C9-10098D67ECFF}.Release|Any CPU.ActiveCfg = Release|Any CPU
		{C696E3B6-4853-485D-A1C9-10098D67ECFF}.Release|Any CPU.Build.0 = Release|Any CPU
		{E5BB92E2-3F6E-4CB6-9335-79E442086308}.Debug|Any CPU.ActiveCfg = Debug|Any CPU
		{E5BB92E2-3F6E-4CB6-9335-79E442086308}.Debug|Any CPU.Build.0 = Debug|Any CPU
		{E5BB92E2-3F6E-4CB6-9335-79E442086308}.Release|Any CPU.ActiveCfg = Release|Any CPU
		{E5BB92E2-3F6E-4CB6-9335-79E442086308}.Release|Any CPU.Build.0 = Release|Any CPU
		{20160A93-882A-48EA-BDB3-0275CD811C20}.Debug|Any CPU.ActiveCfg = Debug|Any CPU
		{20160A93-882A-48EA-BDB3-0275CD811C20}.Debug|Any CPU.Build.0 = Debug|Any CPU
		{20160A93-882A-48EA-BDB3-0275CD811C20}.Release|Any CPU.ActiveCfg = Release|Any CPU
		{20160A93-882A-48EA-BDB3-0275CD811C20}.Release|Any CPU.Build.0 = Release|Any CPU
	EndGlobalSection
	GlobalSection(SolutionProperties) = preSolution
		HideSolutionNode = FALSE
	EndGlobalSection
	GlobalSection(ExtensibilityGlobals) = postSolution
		SolutionGuid = {F7905A4F-2A55-464F-B46E-07CCCD27DB1E}
	EndGlobalSection
EndGlobal
